
Microsoft Visual Studio Solution File, Format Version 12.00
# Visual Studio Version 17
VisualStudioVersion = 17.4.33103.184
MinimumVisualStudioVersion = 10.0.40219.1
Project("{9A19103F-16F7-4668-BE54-9A1E7A4F7556}") = "identityservice", "identityservice\identityservice.csproj", "{B12C0650-802F-49EB-89E5-92700E8E75BC}"
EndProject
Project("{9A19103F-16F7-4668-BE54-9A1E7A4F7556}") = "bookcatalogservice", "bookcatalogservice\bookcatalogservice.csproj", "{47AF55C2-D5A9-49C9-8F13-1A450BAB5444}"
EndProject
Project("{9A19103F-16F7-4668-BE54-9A1E7A4F7556}") = "sharedkernel", "sharedkernel\sharedkernel.csproj", "{04969522-15D6-4909-9B64-AADE619CBF67}"
EndProject
Project("{2150E333-8FDC-42A3-9474-1A3956D46DE8}") = "APIGateways", "APIGateways", "{9268F3BC-6257-4509-BFD8-B7BFEAA2E1A5}"
EndProject
Project("{9A19103F-16F7-4668-BE54-9A1E7A4F7556}") = "webapigateway", "webapigateway\webapigateway.csproj", "{43F63C83-AE86-4CD1-B7CA-EB541925E3D2}"
EndProject
Project("{2150E333-8FDC-42A3-9474-1A3956D46DE8}") = "Services", "Services", "{65849A7E-0D98-4CB7-A37D-4490BB65B0F3}"
EndProject
Project("{9A19103F-16F7-4668-BE54-9A1E7A4F7556}") = "sharedsecurity", "sharedsecurity\sharedsecurity.csproj", "{5601623B-93D6-455D-800F-6E2196130A73}"
EndProject
Project("{2150E333-8FDC-42A3-9474-1A3956D46DE8}") = "Solution Items", "Solution Items", "{E8BAB75E-D760-4577-9670-7CCAD90452ED}"
	ProjectSection(SolutionItems) = preProject
		dev.env = dev.env
		docker-compose.dev.yml = docker-compose.dev.yml
		docker-compose.logstash.dev.yml = docker-compose.logstash.dev.yml
		docker-compose.metric.dev.yml = docker-compose.metric.dev.yml
		docker-compose.service.dev.yml = docker-compose.service.dev.yml
		Dockerfile.logstash.dev = Dockerfile.logstash.dev
		Dockerfile.prometheus.dev = Dockerfile.prometheus.dev
		logstash.conf = logstash.conf
		prometheus.yml = prometheus.yml
		README.md = README.md
	EndProjectSection
EndProject
Project("{9A19103F-16F7-4668-BE54-9A1E7A4F7556}") = "reviewservice", "reviewservice\reviewservice.csproj", "{936AAC25-896F-4ADA-9F73-71B9743CD654}"
EndProject
Project("{9A19103F-16F7-4668-BE54-9A1E7A4F7556}") = "sharedmonitoring", "sharedmonitoring\sharedmonitoring.csproj", "{CC92ECE0-0846-43DE-813E-42D9E31B6FFD}"
EndProject
Project("{9A19103F-16F7-4668-BE54-9A1E7A4F7556}") = "sharedconfiguration", "sharedconfiguration\sharedconfiguration.csproj", "{1B6BBD5D-A0C9-4B7E-8482-95D1FA5CACE9}"
EndProject
Project("{2150E333-8FDC-42A3-9474-1A3956D46DE8}") = "K8s", "K8s", "{226FE489-3229-444E-ABE6-0A8BB4EFCBED}"
EndProject
Project("{2150E333-8FDC-42A3-9474-1A3956D46DE8}") = "configmap-secret", "configmap-secret", "{91F74912-A4D3-4FE4-AF6E-8EC647EBC994}"
	ProjectSection(SolutionItems) = preProject
		configmap.yaml = configmap.yaml
		secret.yaml = secret.yaml
	EndProjectSection
EndProject
Project("{2150E333-8FDC-42A3-9474-1A3956D46DE8}") = "infrastructure", "infrastructure", "{96DF9D42-A40C-4DA7-B7C1-EEEA0147AA76}"
	ProjectSection(SolutionItems) = preProject
		jaeger.yaml = jaeger.yaml
		sqlserver.yaml = sqlserver.yaml
	EndProjectSection
EndProject
Project("{2150E333-8FDC-42A3-9474-1A3956D46DE8}") = "services", "services", "{99425B09-7A4D-4EA2-AAD5-05E5897DCDEC}"
	ProjectSection(SolutionItems) = preProject
		identityservice.yaml = identityservice.yaml
		bookcatalogservice.yaml = bookcatalogservice.yaml
	EndProjectSection
EndProject
Project("{2150E333-8FDC-42A3-9474-1A3956D46DE8}") = "envoy-gateway", "envoy-gateway", "{75391DBF-BE41-4AE7-AF38-44D8B6E579FB}"
	ProjectSection(SolutionItems) = preProject
		gateway-class.yaml = gateway-class.yaml
		gateway-api.yaml = gateway-api.yaml
		route-identity.yaml = route-identity.yaml
	EndProjectSection
EndProject
Global
	GlobalSection(SolutionConfigurationPlatforms) = preSolution
		Debug|Any CPU = Debug|Any CPU
		Release|Any CPU = Release|Any CPU
	EndGlobalSection
	GlobalSection(ProjectConfigurationPlatforms) = postSolution
		{B12C0650-802F-49EB-89E5-92700E8E75BC}.Debug|Any CPU.ActiveCfg = Debug|Any CPU
		{B12C0650-802F-49EB-89E5-92700E8E75BC}.Debug|Any CPU.Build.0 = Debug|Any CPU
		{B12C0650-802F-49EB-89E5-92700E8E75BC}.Release|Any CPU.ActiveCfg = Release|Any CPU
		{B12C0650-802F-49EB-89E5-92700E8E75BC}.Release|Any CPU.Build.0 = Release|Any CPU
		{47AF55C2-D5A9-49C9-8F13-1A450BAB5444}.Debug|Any CPU.ActiveCfg = Debug|Any CPU
		{47AF55C2-D5A9-49C9-8F13-1A450BAB5444}.Debug|Any CPU.Build.0 = Debug|Any CPU
		{47AF55C2-D5A9-49C9-8F13-1A450BAB5444}.Release|Any CPU.ActiveCfg = Release|Any CPU
		{47AF55C2-D5A9-49C9-8F13-1A450BAB5444}.Release|Any CPU.Build.0 = Release|Any CPU
		{04969522-15D6-4909-9B64-AADE619CBF67}.Debug|Any CPU.ActiveCfg = Debug|Any CPU
		{04969522-15D6-4909-9B64-AADE619CBF67}.Debug|Any CPU.Build.0 = Debug|Any CPU
		{04969522-15D6-4909-9B64-AADE619CBF67}.Release|Any CPU.ActiveCfg = Release|Any CPU
		{04969522-15D6-4909-9B64-AADE619CBF67}.Release|Any CPU.Build.0 = Release|Any CPU
		{43F63C83-AE86-4CD1-B7CA-EB541925E3D2}.Debug|Any CPU.ActiveCfg = Debug|Any CPU
		{43F63C83-AE86-4CD1-B7CA-EB541925E3D2}.Debug|Any CPU.Build.0 = Debug|Any CPU
		{43F63C83-AE86-4CD1-B7CA-EB541925E3D2}.Release|Any CPU.ActiveCfg = Release|Any CPU
		{43F63C83-AE86-4CD1-B7CA-EB541925E3D2}.Release|Any CPU.Build.0 = Release|Any CPU
		{5601623B-93D6-455D-800F-6E2196130A73}.Debug|Any CPU.ActiveCfg = Debug|Any CPU
		{5601623B-93D6-455D-800F-6E2196130A73}.Debug|Any CPU.Build.0 = Debug|Any CPU
		{5601623B-93D6-455D-800F-6E2196130A73}.Release|Any CPU.ActiveCfg = Release|Any CPU
		{5601623B-93D6-455D-800F-6E2196130A73}.Release|Any CPU.Build.0 = Release|Any CPU
		{936AAC25-896F-4ADA-9F73-71B9743CD654}.Debug|Any CPU.ActiveCfg = Debug|Any CPU
		{936AAC25-896F-4ADA-9F73-71B9743CD654}.Debug|Any CPU.Build.0 = Debug|Any CPU
		{936AAC25-896F-4ADA-9F73-71B9743CD654}.Release|Any CPU.ActiveCfg = Release|Any CPU
		{936AAC25-896F-4ADA-9F73-71B9743CD654}.Release|Any CPU.Build.0 = Release|Any CPU
		{CC92ECE0-0846-43DE-813E-42D9E31B6FFD}.Debug|Any CPU.ActiveCfg = Debug|Any CPU
		{CC92ECE0-0846-43DE-813E-42D9E31B6FFD}.Debug|Any CPU.Build.0 = Debug|Any CPU
		{CC92ECE0-0846-43DE-813E-42D9E31B6FFD}.Release|Any CPU.ActiveCfg = Release|Any CPU
		{CC92ECE0-0846-43DE-813E-42D9E31B6FFD}.Release|Any CPU.Build.0 = Release|Any CPU
		{1B6BBD5D-A0C9-4B7E-8482-95D1FA5CACE9}.Debug|Any CPU.ActiveCfg = Debug|Any CPU
		{1B6BBD5D-A0C9-4B7E-8482-95D1FA5CACE9}.Debug|Any CPU.Build.0 = Debug|Any CPU
		{1B6BBD5D-A0C9-4B7E-8482-95D1FA5CACE9}.Release|Any CPU.ActiveCfg = Release|Any CPU
		{1B6BBD5D-A0C9-4B7E-8482-95D1FA5CACE9}.Release|Any CPU.Build.0 = Release|Any CPU
	EndGlobalSection
	GlobalSection(SolutionProperties) = preSolution
		HideSolutionNode = FALSE
	EndGlobalSection
	GlobalSection(NestedProjects) = preSolution
		{B12C0650-802F-49EB-89E5-92700E8E75BC} = {65849A7E-0D98-4CB7-A37D-4490BB65B0F3}
		{47AF55C2-D5A9-49C9-8F13-1A450BAB5444} = {65849A7E-0D98-4CB7-A37D-4490BB65B0F3}
		{43F63C83-AE86-4CD1-B7CA-EB541925E3D2} = {9268F3BC-6257-4509-BFD8-B7BFEAA2E1A5}
		{936AAC25-896F-4ADA-9F73-71B9743CD654} = {65849A7E-0D98-4CB7-A37D-4490BB65B0F3}
		{91F74912-A4D3-4FE4-AF6E-8EC647EBC994} = {226FE489-3229-444E-ABE6-0A8BB4EFCBED}
		{96DF9D42-A40C-4DA7-B7C1-EEEA0147AA76} = {226FE489-3229-444E-ABE6-0A8BB4EFCBED}
		{99425B09-7A4D-4EA2-AAD5-05E5897DCDEC} = {226FE489-3229-444E-ABE6-0A8BB4EFCBED}
		{75391DBF-BE41-4AE7-AF38-44D8B6E579FB} = {226FE489-3229-444E-ABE6-0A8BB4EFCBED}
	EndGlobalSection
	GlobalSection(ExtensibilityGlobals) = postSolution
		SolutionGuid = {8ED4CF56-5779-44DF-AF9E-A78C907EDF55}
	EndGlobalSection
EndGlobal
